
Microsoft Visual Studio Solution File, Format Version 12.00
# Visual Studio Version 16
VisualStudioVersion = 16.0.30621.155
MinimumVisualStudioVersion = 10.0.40219.1
Project("{FAE04EC0-301F-11D3-BF4B-00C04F79EFBC}") = "StaticClasses", "StaticClasses\StaticClasses.csproj", "{396CDCD4-D7CB-435E-B633-288E2F3769DE}"
EndProject
Global
	GlobalSection(SolutionConfigurationPlatforms) = preSolution
		Debug|Any CPU = Debug|Any CPU
		Release|Any CPU = Release|Any CPU
	EndGlobalSection
	GlobalSection(ProjectConfigurationPlatforms) = postSolution
		{396CDCD4-D7CB-435E-B633-288E2F3769DE}.Debug|Any CPU.ActiveCfg = Debug|Any CPU
		{396CDCD4-D7CB-435E-B633-288E2F3769DE}.Debug|Any CPU.Build.0 = Debug|Any CPU
		{396CDCD4-D7CB-435E-B633-288E2F3769DE}.Release|Any CPU.ActiveCfg = Release|Any CPU
		{396CDCD4-D7CB-435E-B633-288E2F3769DE}.Release|Any CPU.Build.0 = Release|Any CPU
	EndGlobalSection
	GlobalSection(SolutionProperties) = preSolution
		HideSolutionNode = FALSE
	EndGlobalSection
	GlobalSection(ExtensibilityGlobals) = postSolution
		SolutionGuid = {5D24F77E-B068-4E06-87AE-1C8ABE8FB186}
	EndGlobalSection
EndGlobal
