
Microsoft Visual Studio Solution File, Format Version 12.00
# Visual Studio Version 16
VisualStudioVersion = 16.0.30621.155
MinimumVisualStudioVersion = 10.0.40219.1
Project("{FAE04EC0-301F-11D3-BF4B-00C04F79EFBC}") = "Recursion", "Recursion\Recursion.csproj", "{B17EFC2C-CA89-4B86-B4B6-2F6B96D92781}"
EndProject
Global
	GlobalSection(SolutionConfigurationPlatforms) = preSolution
		Debug|Any CPU = Debug|Any CPU
		Release|Any CPU = Release|Any CPU
	EndGlobalSection
	GlobalSection(ProjectConfigurationPlatforms) = postSolution
		{B17EFC2C-CA89-4B86-B4B6-2F6B96D92781}.Debug|Any CPU.ActiveCfg = Debug|Any CPU
		{B17EFC2C-CA89-4B86-B4B6-2F6B96D92781}.Debug|Any CPU.Build.0 = Debug|Any CPU
		{B17EFC2C-CA89-4B86-B4B6-2F6B96D92781}.Release|Any CPU.ActiveCfg = Release|Any CPU
		{B17EFC2C-CA89-4B86-B4B6-2F6B96D92781}.Release|Any CPU.Build.0 = Release|Any CPU
	EndGlobalSection
	GlobalSection(SolutionProperties) = preSolution
		HideSolutionNode = FALSE
	EndGlobalSection
	GlobalSection(ExtensibilityGlobals) = postSolution
		SolutionGuid = {468B78AA-5D5D-4443-B750-7368CF12D46A}
	EndGlobalSection
EndGlobal
