
Microsoft Visual Studio Solution File, Format Version 12.00
# Visual Studio Version 16
VisualStudioVersion = 16.0.30621.155
MinimumVisualStudioVersion = 10.0.40219.1
Project("{FAE04EC0-301F-11D3-BF4B-00C04F79EFBC}") = "Constructors", "Constructors\Constructors.csproj", "{A5C21E3D-0F54-476F-A2F8-B02E8B99192C}"
EndProject
Global
	GlobalSection(SolutionConfigurationPlatforms) = preSolution
		Debug|Any CPU = Debug|Any CPU
		Release|Any CPU = Release|Any CPU
	EndGlobalSection
	GlobalSection(ProjectConfigurationPlatforms) = postSolution
		{A5C21E3D-0F54-476F-A2F8-B02E8B99192C}.Debug|Any CPU.ActiveCfg = Debug|Any CPU
		{A5C21E3D-0F54-476F-A2F8-B02E8B99192C}.Debug|Any CPU.Build.0 = Debug|Any CPU
		{A5C21E3D-0F54-476F-A2F8-B02E8B99192C}.Release|Any CPU.ActiveCfg = Release|Any CPU
		{A5C21E3D-0F54-476F-A2F8-B02E8B99192C}.Release|Any CPU.Build.0 = Release|Any CPU
	EndGlobalSection
	GlobalSection(SolutionProperties) = preSolution
		HideSolutionNode = FALSE
	EndGlobalSection
	GlobalSection(ExtensibilityGlobals) = postSolution
		SolutionGuid = {944F0516-F04B-4FA6-A6D1-5AD7384F0C09}
	EndGlobalSection
EndGlobal
