
Microsoft Visual Studio Solution File, Format Version 12.00
# Visual Studio Version 16
VisualStudioVersion = 16.0.30621.155
MinimumVisualStudioVersion = 10.0.40219.1
Project("{FAE04EC0-301F-11D3-BF4B-00C04F79EFBC}") = "Parameters", "Parameters\Parameters.csproj", "{AA15FB1E-9814-4BFA-BBFF-CB90D2A1809D}"
EndProject
Global
	GlobalSection(SolutionConfigurationPlatforms) = preSolution
		Debug|Any CPU = Debug|Any CPU
		Release|Any CPU = Release|Any CPU
	EndGlobalSection
	GlobalSection(ProjectConfigurationPlatforms) = postSolution
		{AA15FB1E-9814-4BFA-BBFF-CB90D2A1809D}.Debug|Any CPU.ActiveCfg = Debug|Any CPU
		{AA15FB1E-9814-4BFA-BBFF-CB90D2A1809D}.Debug|Any CPU.Build.0 = Debug|Any CPU
		{AA15FB1E-9814-4BFA-BBFF-CB90D2A1809D}.Release|Any CPU.ActiveCfg = Release|Any CPU
		{AA15FB1E-9814-4BFA-BBFF-CB90D2A1809D}.Release|Any CPU.Build.0 = Release|Any CPU
	EndGlobalSection
	GlobalSection(SolutionProperties) = preSolution
		HideSolutionNode = FALSE
	EndGlobalSection
	GlobalSection(ExtensibilityGlobals) = postSolution
		SolutionGuid = {FD21E9AE-8E82-42F3-9AB6-DEE5A5D31E5B}
	EndGlobalSection
EndGlobal
