
Microsoft Visual Studio Solution File, Format Version 12.00
# Visual Studio Version 16
VisualStudioVersion = 16.0.30621.155
MinimumVisualStudioVersion = 10.0.40219.1
Project("{FAE04EC0-301F-11D3-BF4B-00C04F79EFBC}") = "Indexers", "Indexers\Indexers.csproj", "{CC4CBE0F-3A3F-453D-8B6C-A819EB782C5A}"
EndProject
Global
	GlobalSection(SolutionConfigurationPlatforms) = preSolution
		Debug|Any CPU = Debug|Any CPU
		Release|Any CPU = Release|Any CPU
	EndGlobalSection
	GlobalSection(ProjectConfigurationPlatforms) = postSolution
		{CC4CBE0F-3A3F-453D-8B6C-A819EB782C5A}.Debug|Any CPU.ActiveCfg = Debug|Any CPU
		{CC4CBE0F-3A3F-453D-8B6C-A819EB782C5A}.Debug|Any CPU.Build.0 = Debug|Any CPU
		{CC4CBE0F-3A3F-453D-8B6C-A819EB782C5A}.Release|Any CPU.ActiveCfg = Release|Any CPU
		{CC4CBE0F-3A3F-453D-8B6C-A819EB782C5A}.Release|Any CPU.Build.0 = Release|Any CPU
	EndGlobalSection
	GlobalSection(SolutionProperties) = preSolution
		HideSolutionNode = FALSE
	EndGlobalSection
	GlobalSection(ExtensibilityGlobals) = postSolution
		SolutionGuid = {7EA4D3C2-A21B-4550-AA0D-D766B8891FB4}
	EndGlobalSection
EndGlobal
