
Microsoft Visual Studio Solution File, Format Version 12.00
# Visual Studio Version 16
VisualStudioVersion = 16.0.30621.155
MinimumVisualStudioVersion = 10.0.40219.1
Project("{FAE04EC0-301F-11D3-BF4B-00C04F79EFBC}") = "UserInput", "UserInput\UserInput.csproj", "{B1BE5246-DE38-477D-A7DD-0F82DC0F3A1A}"
EndProject
Project("{FAE04EC0-301F-11D3-BF4B-00C04F79EFBC}") = "Comments", "Comments\Comments.csproj", "{7C8AAA7C-BB9C-4FB8-BB31-C67ABA47C847}"
EndProject
Global
	GlobalSection(SolutionConfigurationPlatforms) = preSolution
		Debug|Any CPU = Debug|Any CPU
		Release|Any CPU = Release|Any CPU
	EndGlobalSection
	GlobalSection(ProjectConfigurationPlatforms) = postSolution
		{B1BE5246-DE38-477D-A7DD-0F82DC0F3A1A}.Debug|Any CPU.ActiveCfg = Debug|Any CPU
		{B1BE5246-DE38-477D-A7DD-0F82DC0F3A1A}.Debug|Any CPU.Build.0 = Debug|Any CPU
		{B1BE5246-DE38-477D-A7DD-0F82DC0F3A1A}.Release|Any CPU.ActiveCfg = Release|Any CPU
		{B1BE5246-DE38-477D-A7DD-0F82DC0F3A1A}.Release|Any CPU.Build.0 = Release|Any CPU
		{7C8AAA7C-BB9C-4FB8-BB31-C67ABA47C847}.Debug|Any CPU.ActiveCfg = Debug|Any CPU
		{7C8AAA7C-BB9C-4FB8-BB31-C67ABA47C847}.Debug|Any CPU.Build.0 = Debug|Any CPU
		{7C8AAA7C-BB9C-4FB8-BB31-C67ABA47C847}.Release|Any CPU.ActiveCfg = Release|Any CPU
		{7C8AAA7C-BB9C-4FB8-BB31-C67ABA47C847}.Release|Any CPU.Build.0 = Release|Any CPU
	EndGlobalSection
	GlobalSection(SolutionProperties) = preSolution
		HideSolutionNode = FALSE
	EndGlobalSection
	GlobalSection(ExtensibilityGlobals) = postSolution
		SolutionGuid = {43C5B632-38E5-4837-B5AE-94C6CBC4F4C7}
	EndGlobalSection
EndGlobal
